
Microsoft Visual Studio Solution File, Format Version 12.00
# Visual Studio Version 16
VisualStudioVersion = 16.0.35706.149
MinimumVisualStudioVersion = 10.0.40219.1
Project("{FAE04EC0-301F-11D3-BF4B-00C04F79EFBC}") = "NRI", "NRI.csproj", "{23D2A3CF-F2DF-428F-A660-5496E8CC7EE6}"
EndProject
Global
	GlobalSection(SolutionConfigurationPlatforms) = preSolution
		Debug|Any CPU = Debug|Any CPU
		Release|Any CPU = Release|Any CPU
	EndGlobalSection
	GlobalSection(ProjectConfigurationPlatforms) = postSolution
		{23D2A3CF-F2DF-428F-A660-5496E8CC7EE6}.Debug|Any CPU.ActiveCfg = Debug|Any CPU
		{23D2A3CF-F2DF-428F-A660-5496E8CC7EE6}.Debug|Any CPU.Build.0 = Debug|Any CPU
		{23D2A3CF-F2DF-428F-A660-5496E8CC7EE6}.Release|Any CPU.ActiveCfg = Release|Any CPU
		{23D2A3CF-F2DF-428F-A660-5496E8CC7EE6}.Release|Any CPU.Build.0 = Release|Any CPU
	EndGlobalSection
	GlobalSection(SolutionProperties) = preSolution
		HideSolutionNode = FALSE
	EndGlobalSection
	GlobalSection(ExtensibilityGlobals) = postSolution
		SolutionGuid = {2D6E131E-8FE2-4EFA-9B84-0E67B64EB5CF}
	EndGlobalSection
EndGlobal
